
Microsoft Visual Studio Solution File, Format Version 12.00
# Visual Studio Version 16
VisualStudioVersion = 16.0.31729.503
MinimumVisualStudioVersion = 10.0.40219.1
Project("{FAE04EC0-301F-11D3-BF4B-00C04F79EFBC}") = "Jobs-KS", "Jobs-KS\Jobs-KS.csproj", "{A67F0C4F-4E03-4230-8AD2-87E88A03A1CB}"
EndProject
Global
	GlobalSection(SolutionConfigurationPlatforms) = preSolution
		Debug|Any CPU = Debug|Any CPU
		Release|Any CPU = Release|Any CPU
	EndGlobalSection
	GlobalSection(ProjectConfigurationPlatforms) = postSolution
		{A67F0C4F-4E03-4230-8AD2-87E88A03A1CB}.Debug|Any CPU.ActiveCfg = Debug|Any CPU
		{A67F0C4F-4E03-4230-8AD2-87E88A03A1CB}.Debug|Any CPU.Build.0 = Debug|Any CPU
		{A67F0C4F-4E03-4230-8AD2-87E88A03A1CB}.Release|Any CPU.ActiveCfg = Release|Any CPU
		{A67F0C4F-4E03-4230-8AD2-87E88A03A1CB}.Release|Any CPU.Build.0 = Release|Any CPU
	EndGlobalSection
	GlobalSection(SolutionProperties) = preSolution
		HideSolutionNode = FALSE
	EndGlobalSection
	GlobalSection(ExtensibilityGlobals) = postSolution
		SolutionGuid = {31D9B1DD-0826-4869-9B04-5EC20F3B4881}
	EndGlobalSection
EndGlobal
